// !$*UTF8*$!
{
	archiveVersion = 1;
	classes = {
	};
	objectVersion = 55;
	objects = {

/* Begin PBXBuildFile section */
		311048B428352C49005C7D34 /* ShareViewController.swift in Sources */ = {isa = PBXBuildFile; fileRef = 311048B328352C49005C7D34 /* ShareViewController.swift */; };
		311048B728352C49005C7D34 /* MainInterface.storyboard in Resources */ = {isa = PBXBuildFile; fileRef = 311048B528352C49005C7D34 /* MainInterface.storyboard */; };
		311048BB28352C49005C7D34 /* shareExtent.appex in Embed App Extensions */ = {isa = PBXBuildFile; fileRef = 311048B128352C49005C7D34 /* shareExtent.appex */; settings = {ATTRIBUTES = (RemoveHeadersOnCopy, ); }; };
		3148C9C128314E73005A7E93 /* AppDelegate.swift in Sources */ = {isa = PBXBuildFile; fileRef = 3148C9C028314E73005A7E93 /* AppDelegate.swift */; };
		3148C9C328314E73005A7E93 /* SceneDelegate.swift in Sources */ = {isa = PBXBuildFile; fileRef = 3148C9C228314E73005A7E93 /* SceneDelegate.swift */; };
		3148C9C528314E73005A7E93 /* ViewController.swift in Sources */ = {isa = PBXBuildFile; fileRef = 3148C9C428314E73005A7E93 /* ViewController.swift */; };
		3148C9C828314E73005A7E93 /* Main.storyboard in Resources */ = {isa = PBXBuildFile; fileRef = 3148C9C628314E73005A7E93 /* Main.storyboard */; };
		3148C9CA28314E74005A7E93 /* Assets.xcassets in Resources */ = {isa = PBXBuildFile; fileRef = 3148C9C928314E74005A7E93 /* Assets.xcassets */; };
		3148C9CD28314E74005A7E93 /* LaunchScreen.storyboard in Resources */ = {isa = PBXBuildFile; fileRef = 3148C9CB28314E74005A7E93 /* LaunchScreen.storyboard */; };
		3148C9D628315235005A7E93 /* MQTTNIO in Frameworks */ = {isa = PBXBuildFile; productRef = 3148C9D528315235005A7E93 /* MQTTNIO */; };
/* End PBXBuildFile section */

/* Begin PBXContainerItemProxy section */
		311048B928352C49005C7D34 /* PBXContainerItemProxy */ = {
			isa = PBXContainerItemProxy;
			containerPortal = 3148C9B528314E73005A7E93 /* Project object */;
			proxyType = 1;
			remoteGlobalIDString = 311048B028352C49005C7D34;
			remoteInfo = shareExtent;
		};
/* End PBXContainerItemProxy section */

/* Begin PBXCopyFilesBuildPhase section */
		311048BC28352C49005C7D34 /* Embed App Extensions */ = {
			isa = PBXCopyFilesBuildPhase;
			buildActionMask = 2147483647;
			dstPath = "";
			dstSubfolderSpec = 13;
			files = (
				311048BB28352C49005C7D34 /* shareExtent.appex in Embed App Extensions */,
			);
			name = "Embed App Extensions";
			runOnlyForDeploymentPostprocessing = 0;
		};
/* End PBXCopyFilesBuildPhase section */

/* Begin PBXFileReference section */
		311048B128352C49005C7D34 /* shareExtent.appex */ = {isa = PBXFileReference; explicitFileType = "wrapper.app-extension"; includeInIndex = 0; path = shareExtent.appex; sourceTree = BUILT_PRODUCTS_DIR; };
		311048B328352C49005C7D34 /* ShareViewController.swift */ = {isa = PBXFileReference; lastKnownFileType = sourcecode.swift; path = ShareViewController.swift; sourceTree = "<group>"; };
		311048B628352C49005C7D34 /* Base */ = {isa = PBXFileReference; lastKnownFileType = file.storyboard; name = Base; path = Base.lproj/MainInterface.storyboard; sourceTree = "<group>"; };
		311048B828352C49005C7D34 /* Info.plist */ = {isa = PBXFileReference; lastKnownFileType = text.plist.xml; path = Info.plist; sourceTree = "<group>"; };
		3148C9BD28314E73005A7E93 /* temp.app */ = {isa = PBXFileReference; explicitFileType = wrapper.application; includeInIndex = 0; path = temp.app; sourceTree = BUILT_PRODUCTS_DIR; };
		3148C9C028314E73005A7E93 /* AppDelegate.swift */ = {isa = PBXFileReference; lastKnownFileType = sourcecode.swift; path = AppDelegate.swift; sourceTree = "<group>"; };
		3148C9C228314E73005A7E93 /* SceneDelegate.swift */ = {isa = PBXFileReference; lastKnownFileType = sourcecode.swift; path = SceneDelegate.swift; sourceTree = "<group>"; };
		3148C9C428314E73005A7E93 /* ViewController.swift */ = {isa = PBXFileReference; lastKnownFileType = sourcecode.swift; path = ViewController.swift; sourceTree = "<group>"; };
		3148C9C728314E73005A7E93 /* Base */ = {isa = PBXFileReference; lastKnownFileType = file.storyboard; name = Base; path = Base.lproj/Main.storyboard; sourceTree = "<group>"; };
		3148C9C928314E74005A7E93 /* Assets.xcassets */ = {isa = PBXFileReference; lastKnownFileType = folder.assetcatalog; path = Assets.xcassets; sourceTree = "<group>"; };
		3148C9CC28314E74005A7E93 /* Base */ = {isa = PBXFileReference; lastKnownFileType = file.storyboard; name = Base; path = Base.lproj/LaunchScreen.storyboard; sourceTree = "<group>"; };
		3148C9CE28314E74005A7E93 /* Info.plist */ = {isa = PBXFileReference; lastKnownFileType = text.plist.xml; path = Info.plist; sourceTree = "<group>"; };
/* End PBXFileReference section */

/* Begin PBXFrameworksBuildPhase section */
		311048AE28352C49005C7D34 /* Frameworks */ = {
			isa = PBXFrameworksBuildPhase;
			buildActionMask = 2147483647;
			files = (
			);
			runOnlyForDeploymentPostprocessing = 0;
		};
		3148C9BA28314E73005A7E93 /* Frameworks */ = {
			isa = PBXFrameworksBuildPhase;
			buildActionMask = 2147483647;
			files = (
				3148C9D628315235005A7E93 /* MQTTNIO in Frameworks */,
			);
			runOnlyForDeploymentPostprocessing = 0;
		};
/* End PBXFrameworksBuildPhase section */

/* Begin PBXGroup section */
		311048B228352C49005C7D34 /* shareExtent */ = {
			isa = PBXGroup;
			children = (
				311048B328352C49005C7D34 /* ShareViewController.swift */,
				311048B528352C49005C7D34 /* MainInterface.storyboard */,
				311048B828352C49005C7D34 /* Info.plist */,
			);
			path = shareExtent;
			sourceTree = "<group>";
		};
		3148C9B428314E73005A7E93 = {
			isa = PBXGroup;
			children = (
				3148C9BF28314E73005A7E93 /* temp */,
				311048B228352C49005C7D34 /* shareExtent */,
				3148C9BE28314E73005A7E93 /* Products */,
			);
			sourceTree = "<group>";
		};
		3148C9BE28314E73005A7E93 /* Products */ = {
			isa = PBXGroup;
			children = (
				3148C9BD28314E73005A7E93 /* temp.app */,
				311048B128352C49005C7D34 /* shareExtent.appex */,
			);
			name = Products;
			sourceTree = "<group>";
		};
		3148C9BF28314E73005A7E93 /* temp */ = {
			isa = PBXGroup;
			children = (
				3148C9C028314E73005A7E93 /* AppDelegate.swift */,
				3148C9C228314E73005A7E93 /* SceneDelegate.swift */,
				3148C9C428314E73005A7E93 /* ViewController.swift */,
				3148C9C628314E73005A7E93 /* Main.storyboard */,
				3148C9C928314E74005A7E93 /* Assets.xcassets */,
				3148C9CB28314E74005A7E93 /* LaunchScreen.storyboard */,
				3148C9CE28314E74005A7E93 /* Info.plist */,
			);
			path = temp;
			sourceTree = "<group>";
		};
/* End PBXGroup section */

/* Begin PBXNativeTarget section */
		311048B028352C49005C7D34 /* shareExtent */ = {
			isa = PBXNativeTarget;
			buildConfigurationList = 311048BF28352C49005C7D34 /* Build configuration list for PBXNativeTarget "shareExtent" */;
			buildPhases = (
				311048AD28352C49005C7D34 /* Sources */,
				311048AE28352C49005C7D34 /* Frameworks */,
				311048AF28352C49005C7D34 /* Resources */,
			);
			buildRules = (
			);
			dependencies = (
			);
			name = shareExtent;
			productName = shareExtent;
			productReference = 311048B128352C49005C7D34 /* shareExtent.appex */;
			productType = "com.apple.product-type.app-extension";
		};
		3148C9BC28314E73005A7E93 /* temp */ = {
			isa = PBXNativeTarget;
			buildConfigurationList = 3148C9D128314E74005A7E93 /* Build configuration list for PBXNativeTarget "temp" */;
			buildPhases = (
				3148C9B928314E73005A7E93 /* Sources */,
				3148C9BA28314E73005A7E93 /* Frameworks */,
				3148C9BB28314E73005A7E93 /* Resources */,
				311048BC28352C49005C7D34 /* Embed App Extensions */,
			);
			buildRules = (
			);
			dependencies = (
				311048BA28352C49005C7D34 /* PBXTargetDependency */,
			);
			name = temp;
			packageProductDependencies = (
				3148C9D528315235005A7E93 /* MQTTNIO */,
			);
			productName = temp;
			productReference = 3148C9BD28314E73005A7E93 /* temp.app */;
			productType = "com.apple.product-type.application";
		};
/* End PBXNativeTarget section */

/* Begin PBXProject section */
		3148C9B528314E73005A7E93 /* Project object */ = {
			isa = PBXProject;
			attributes = {
				BuildIndependentTargetsInParallel = 1;
				LastSwiftUpdateCheck = 1330;
				LastUpgradeCheck = 1330;
				TargetAttributes = {
					311048B028352C49005C7D34 = {
						CreatedOnToolsVersion = 13.3.1;
					};
					3148C9BC28314E73005A7E93 = {
						CreatedOnToolsVersion = 13.3.1;
					};
				};
			};
			buildConfigurationList = 3148C9B828314E73005A7E93 /* Build configuration list for PBXProject "temp" */;
			compatibilityVersion = "Xcode 13.0";
			developmentRegion = en;
			hasScannedForEncodings = 0;
			knownRegions = (
				en,
				Base,
			);
			mainGroup = 3148C9B428314E73005A7E93;
			packageReferences = (
				3148C9D428315235005A7E93 /* XCRemoteSwiftPackageReference "mqtt-nio" */,
			);
			productRefGroup = 3148C9BE28314E73005A7E93 /* Products */;
			projectDirPath = "";
			projectRoot = "";
			targets = (
				3148C9BC28314E73005A7E93 /* temp */,
				311048B028352C49005C7D34 /* shareExtent */,
			);
		};
/* End PBXProject section */

/* Begin PBXResourcesBuildPhase section */
		311048AF28352C49005C7D34 /* Resources */ = {
			isa = PBXResourcesBuildPhase;
			buildActionMask = 2147483647;
			files = (
				311048B728352C49005C7D34 /* MainInterface.storyboard in Resources */,
			);
			runOnlyForDeploymentPostprocessing = 0;
		};
		3148C9BB28314E73005A7E93 /* Resources */ = {
			isa = PBXResourcesBuildPhase;
			buildActionMask = 2147483647;
			files = (
				3148C9CD28314E74005A7E93 /* LaunchScreen.storyboard in Resources */,
				3148C9CA28314E74005A7E93 /* Assets.xcassets in Resources */,
				3148C9C828314E73005A7E93 /* Main.storyboard in Resources */,
			);
			runOnlyForDeploymentPostprocessing = 0;
		};
/* End PBXResourcesBuildPhase section */

/* Begin PBXSourcesBuildPhase section */
		311048AD28352C49005C7D34 /* Sources */ = {
			isa = PBXSourcesBuildPhase;
			buildActionMask = 2147483647;
			files = (
				311048B428352C49005C7D34 /* ShareViewController.swift in Sources */,
			);
			runOnlyForDeploymentPostprocessing = 0;
		};
		3148C9B928314E73005A7E93 /* Sources */ = {
			isa = PBXSourcesBuildPhase;
			buildActionMask = 2147483647;
			files = (
				3148C9C528314E73005A7E93 /* ViewController.swift in Sources */,
				3148C9C128314E73005A7E93 /* AppDelegate.swift in Sources */,
				3148C9C328314E73005A7E93 /* SceneDelegate.swift in Sources */,
			);
			runOnlyForDeploymentPostprocessing = 0;
		};
/* End PBXSourcesBuildPhase section */

/* Begin PBXTargetDependency section */
		311048BA28352C49005C7D34 /* PBXTargetDependency */ = {
			isa = PBXTargetDependency;
			target = 311048B028352C49005C7D34 /* shareExtent */;
			targetProxy = 311048B928352C49005C7D34 /* PBXContainerItemProxy */;
		};
/* End PBXTargetDependency section */

/* Begin PBXVariantGroup section */
		311048B528352C49005C7D34 /* MainInterface.storyboard */ = {
			isa = PBXVariantGroup;
			children = (
				311048B628352C49005C7D34 /* Base */,
			);
			name = MainInterface.storyboard;
			sourceTree = "<group>";
		};
		3148C9C628314E73005A7E93 /* Main.storyboard */ = {
			isa = PBXVariantGroup;
			children = (
				3148C9C728314E73005A7E93 /* Base */,
			);
			name = Main.storyboard;
			sourceTree = "<group>";
		};
		3148C9CB28314E74005A7E93 /* LaunchScreen.storyboard */ = {
			isa = PBXVariantGroup;
			children = (
				3148C9CC28314E74005A7E93 /* Base */,
			);
			name = LaunchScreen.storyboard;
			sourceTree = "<group>";
		};
/* End PBXVariantGroup section */

/* Begin XCBuildConfiguration section */
		311048BD28352C49005C7D34 /* Debug */ = {
			isa = XCBuildConfiguration;
			buildSettings = {
				CODE_SIGN_STYLE = Automatic;
				CURRENT_PROJECT_VERSION = 1;
				DEVELOPMENT_TEAM = NQZ8J84MM6;
				GENERATE_INFOPLIST_FILE = YES;
				INFOPLIST_FILE = shareExtent/Info.plist;
				INFOPLIST_KEY_CFBundleDisplayName = shareExtent;
				INFOPLIST_KEY_NSHumanReadableCopyright = "";
				LD_RUNPATH_SEARCH_PATHS = (
					"$(inherited)",
					"@executable_path/Frameworks",
					"@executable_path/../../Frameworks",
				);
				MARKETING_VERSION = 1.0;
				PRODUCT_BUNDLE_IDENTIFIER = lsl.lemonhall.temp.shareExtent;
				PRODUCT_NAME = "$(TARGET_NAME)";
				SKIP_INSTALL = YES;
				SWIFT_EMIT_LOC_STRINGS = YES;
				SWIFT_VERSION = 5.0;
				TARGETED_DEVICE_FAMILY = "1,2";
			};
			name = Debug;
		};
		311048BE28352C49005C7D34 /* Release */ = {
			isa = XCBuildConfiguration;
			buildSettings = {
				CODE_SIGN_STYLE = Automatic;
				CURRENT_PROJECT_VERSION = 1;
				DEVELOPMENT_TEAM = NQZ8J84MM6;
				GENERATE_INFOPLIST_FILE = YES;
				INFOPLIST_FILE = shareExtent/Info.plist;
				INFOPLIST_KEY_CFBundleDisplayName = shareExtent;
				INFOPLIST_KEY_NSHumanReadableCopyright = "";
				LD_RUNPATH_SEARCH_PATHS = (
					"$(inherited)",
					"@executable_path/Frameworks",
					"@executable_path/../../Frameworks",
				);
				MARKETING_VERSION = 1.0;
				PRODUCT_BUNDLE_IDENTIFIER = lsl.lemonhall.temp.shareExtent;
				PRODUCT_NAME = "$(TARGET_NAME)";
				SKIP_INSTALL = YES;
				SWIFT_EMIT_LOC_STRINGS = YES;
				SWIFT_VERSION = 5.0;
				TARGETED_DEVICE_FAMILY = "1,2";
			};
			name = Release;
		};
		3148C9CF28314E74005A7E93 /* Debug */ = {
			isa = XCBuildConfiguration;
			buildSettings = {
				ALWAYS_SEARCH_USER_PATHS = NO;
				CLANG_ANALYZER_NONNULL = YES;
				CLANG_ANALYZER_NUMBER_OBJECT_CONVERSION = YES_AGGRESSIVE;
				CLANG_CXX_LANGUAGE_STANDARD = "gnu++17";
				CLANG_ENABLE_MODULES = YES;
				CLANG_ENABLE_OBJC_ARC = YES;
				CLANG_ENABLE_OBJC_WEAK = YES;
				CLANG_WARN_BLOCK_CAPTURE_AUTORELEASING = YES;
				CLANG_WARN_BOOL_CONVERSION = YES;
				CLANG_WARN_COMMA = YES;
				CLANG_WARN_CONSTANT_CONVERSION = YES;
				CLANG_WARN_DEPRECATED_OBJC_IMPLEMENTATIONS = YES;
				CLANG_WARN_DIRECT_OBJC_ISA_USAGE = YES_ERROR;
				CLANG_WARN_DOCUMENTATION_COMMENTS = YES;
				CLANG_WARN_EMPTY_BODY = YES;
				CLANG_WARN_ENUM_CONVERSION = YES;
				CLANG_WARN_INFINITE_RECURSION = YES;
				CLANG_WARN_INT_CONVERSION = YES;
				CLANG_WARN_NON_LITERAL_NULL_CONVERSION = YES;
				CLANG_WARN_OBJC_IMPLICIT_RETAIN_SELF = YES;
				CLANG_WARN_OBJC_LITERAL_CONVERSION = YES;
				CLANG_WARN_OBJC_ROOT_CLASS = YES_ERROR;
				CLANG_WARN_QUOTED_INCLUDE_IN_FRAMEWORK_HEADER = YES;
				CLANG_WARN_RANGE_LOOP_ANALYSIS = YES;
				CLANG_WARN_STRICT_PROTOTYPES = YES;
				CLANG_WARN_SUSPICIOUS_MOVE = YES;
				CLANG_WARN_UNGUARDED_AVAILABILITY = YES_AGGRESSIVE;
				CLANG_WARN_UNREACHABLE_CODE = YES;
				CLANG_WARN__DUPLICATE_METHOD_MATCH = YES;
				COPY_PHASE_STRIP = NO;
				DEBUG_INFORMATION_FORMAT = dwarf;
				ENABLE_STRICT_OBJC_MSGSEND = YES;
				ENABLE_TESTABILITY = YES;
				GCC_C_LANGUAGE_STANDARD = gnu11;
				GCC_DYNAMIC_NO_PIC = NO;
				GCC_NO_COMMON_BLOCKS = YES;
				GCC_OPTIMIZATION_LEVEL = 0;
				GCC_PREPROCESSOR_DEFINITIONS = (
					"DEBUG=1",
					"$(inherited)",
				);
				GCC_WARN_64_TO_32_BIT_CONVERSION = YES;
				GCC_WARN_ABOUT_RETURN_TYPE = YES_ERROR;
				GCC_WARN_UNDECLARED_SELECTOR = YES;
				GCC_WARN_UNINITIALIZED_AUTOS = YES_AGGRESSIVE;
				GCC_WARN_UNUSED_FUNCTION = YES;
				GCC_WARN_UNUSED_VARIABLE = YES;
				IPHONEOS_DEPLOYMENT_TARGET = 15.4;
				MTL_ENABLE_DEBUG_INFO = INCLUDE_SOURCE;
				MTL_FAST_MATH = YES;
				ONLY_ACTIVE_ARCH = YES;
				SDKROOT = iphoneos;
				SWIFT_ACTIVE_COMPILATION_CONDITIONS = DEBUG;
				SWIFT_OPTIMIZATION_LEVEL = "-Onone";
			};
			name = Debug;
		};
		3148C9D028314E74005A7E93 /* Release */ = {
			isa = XCBuildConfiguration;
			buildSettings = {
				ALWAYS_SEARCH_USER_PATHS = NO;
				CLANG_ANALYZER_NONNULL = YES;
				CLANG_ANALYZER_NUMBER_OBJECT_CONVERSION = YES_AGGRESSIVE;
				CLANG_CXX_LANGUAGE_STANDARD = "gnu++17";
				CLANG_ENABLE_MODULES = YES;
				CLANG_ENABLE_OBJC_ARC = YES;
				CLANG_ENABLE_OBJC_WEAK = YES;
				CLANG_WARN_BLOCK_CAPTURE_AUTORELEASING = YES;
				CLANG_WARN_BOOL_CONVERSION = YES;
				CLANG_WARN_COMMA = YES;
				CLANG_WARN_CONSTANT_CONVERSION = YES;
				CLANG_WARN_DEPRECATED_OBJC_IMPLEMENTATIONS = YES;
				CLANG_WARN_DIRECT_OBJC_ISA_USAGE = YES_ERROR;
				CLANG_WARN_DOCUMENTATION_COMMENTS = YES;
				CLANG_WARN_EMPTY_BODY = YES;
				CLANG_WARN_ENUM_CONVERSION = YES;
				CLANG_WARN_INFINITE_RECURSION = YES;
				CLANG_WARN_INT_CONVERSION = YES;
				CLANG_WARN_NON_LITERAL_NULL_CONVERSION = YES;
				CLANG_WARN_OBJC_IMPLICIT_RETAIN_SELF = YES;
				CLANG_WARN_OBJC_LITERAL_CONVERSION = YES;
				CLANG_WARN_OBJC_ROOT_CLASS = YES_ERROR;
				CLANG_WARN_QUOTED_INCLUDE_IN_FRAMEWORK_HEADER = YES;
				CLANG_WARN_RANGE_LOOP_ANALYSIS = YES;
				CLANG_WARN_STRICT_PROTOTYPES = YES;
				CLANG_WARN_SUSPICIOUS_MOVE = YES;
				CLANG_WARN_UNGUARDED_AVAILABILITY = YES_AGGRESSIVE;
				CLANG_WARN_UNREACHABLE_CODE = YES;
				CLANG_WARN__DUPLICATE_METHOD_MATCH = YES;
				COPY_PHASE_STRIP = NO;
				DEBUG_INFORMATION_FORMAT = "dwarf-with-dsym";
				ENABLE_NS_ASSERTIONS = NO;
				ENABLE_STRICT_OBJC_MSGSEND = YES;
				GCC_C_LANGUAGE_STANDARD = gnu11;
				GCC_NO_COMMON_BLOCKS = YES;
				GCC_WARN_64_TO_32_BIT_CONVERSION = YES;
				GCC_WARN_ABOUT_RETURN_TYPE = YES_ERROR;
				GCC_WARN_UNDECLARED_SELECTOR = YES;
				GCC_WARN_UNINITIALIZED_AUTOS = YES_AGGRESSIVE;
				GCC_WARN_UNUSED_FUNCTION = YES;
				GCC_WARN_UNUSED_VARIABLE = YES;
				IPHONEOS_DEPLOYMENT_TARGET = 15.4;
				MTL_ENABLE_DEBUG_INFO = NO;
				MTL_FAST_MATH = YES;
				SDKROOT = iphoneos;
				SWIFT_COMPILATION_MODE = wholemodule;
				SWIFT_OPTIMIZATION_LEVEL = "-O";
				VALIDATE_PRODUCT = YES;
			};
			name = Release;
		};
		3148C9D228314E74005A7E93 /* Debug */ = {
			isa = XCBuildConfiguration;
			buildSettings = {
				ALWAYS_EMBED_SWIFT_STANDARD_LIBRARIES = YES;
				ASSETCATALOG_COMPILER_APPICON_NAME = AppIcon;
				ASSETCATALOG_COMPILER_GLOBAL_ACCENT_COLOR_NAME = AccentColor;
				CODE_SIGN_STYLE = Automatic;
				CURRENT_PROJECT_VERSION = 1;
				DEVELOPMENT_TEAM = NQZ8J84MM6;
				GENERATE_INFOPLIST_FILE = YES;
				INFOPLIST_FILE = temp/Info.plist;
				INFOPLIST_KEY_UIApplicationSupportsIndirectInputEvents = YES;
				INFOPLIST_KEY_UILaunchStoryboardName = LaunchScreen;
				INFOPLIST_KEY_UIMainStoryboardFile = Main;
				INFOPLIST_KEY_UISupportedInterfaceOrientations_iPad = "UIInterfaceOrientationPortrait UIInterfaceOrientationPortraitUpsideDown UIInterfaceOrientationLandscapeLeft UIInterfaceOrientationLandscapeRight";
				INFOPLIST_KEY_UISupportedInterfaceOrientations_iPhone = "UIInterfaceOrientationPortrait UIInterfaceOrientationLandscapeLeft UIInterfaceOrientationLandscapeRight";
				IPHONEOS_DEPLOYMENT_TARGET = 15.4;
				LD_RUNPATH_SEARCH_PATHS = (
					"$(inherited)",
					"@executable_path/Frameworks",
				);
				MARKETING_VERSION = 1.0;
				PRODUCT_BUNDLE_IDENTIFIER = lsl.lemonhall.temp;
				PRODUCT_NAME = "$(TARGET_NAME)";
				SWIFT_EMIT_LOC_STRINGS = YES;
				SWIFT_VERSION = 5.0;
				TARGETED_DEVICE_FAMILY = 1;
			};
			name = Debug;
		};
		3148C9D328314E74005A7E93 /* Release */ = {
			isa = XCBuildConfiguration;
			buildSettings = {
				ALWAYS_EMBED_SWIFT_STANDARD_LIBRARIES = YES;
				ASSETCATALOG_COMPILER_APPICON_NAME = AppIcon;
				ASSETCATALOG_COMPILER_GLOBAL_ACCENT_COLOR_NAME = AccentColor;
				CODE_SIGN_STYLE = Automatic;
				CURRENT_PROJECT_VERSION = 1;
				DEVELOPMENT_TEAM = NQZ8J84MM6;
				GENERATE_INFOPLIST_FILE = YES;
				INFOPLIST_FILE = temp/Info.plist;
				INFOPLIST_KEY_UIApplicationSupportsIndirectInputEvents = YES;
				INFOPLIST_KEY_UILaunchStoryboardName = LaunchScreen;
				INFOPLIST_KEY_UIMainStoryboardFile = Main;
				INFOPLIST_KEY_UISupportedInterfaceOrientations_iPad = "UIInterfaceOrientationPortrait UIInterfaceOrientationPortraitUpsideDown UIInterfaceOrientationLandscapeLeft UIInterfaceOrientationLandscapeRight";
				INFOPLIST_KEY_UISupportedInterfaceOrientations_iPhone = "UIInterfaceOrientationPortrait UIInterfaceOrientationLandscapeLeft UIInterfaceOrientationLandscapeRight";
				IPHONEOS_DEPLOYMENT_TARGET = 15.4;
				LD_RUNPATH_SEARCH_PATHS = (
					"$(inherited)",
					"@executable_path/Frameworks",
				);
				MARKETING_VERSION = 1.0;
				PRODUCT_BUNDLE_IDENTIFIER = lsl.lemonhall.temp;
				PRODUCT_NAME = "$(TARGET_NAME)";
				SWIFT_EMIT_LOC_STRINGS = YES;
				SWIFT_VERSION = 5.0;
				TARGETED_DEVICE_FAMILY = 1;
			};
			name = Release;
		};
/* End XCBuildConfiguration section */

/* Begin XCConfigurationList section */
		311048BF28352C49005C7D34 /* Build configuration list for PBXNativeTarget "shareExtent" */ = {
			isa = XCConfigurationList;
			buildConfigurations = (
				311048BD28352C49005C7D34 /* Debug */,
				311048BE28352C49005C7D34 /* Release */,
			);
			defaultConfigurationIsVisible = 0;
			defaultConfigurationName = Release;
		};
		3148C9B828314E73005A7E93 /* Build configuration list for PBXProject "temp" */ = {
			isa = XCConfigurationList;
			buildConfigurations = (
				3148C9CF28314E74005A7E93 /* Debug */,
				3148C9D028314E74005A7E93 /* Release */,
			);
			defaultConfigurationIsVisible = 0;
			defaultConfigurationName = Release;
		};
		3148C9D128314E74005A7E93 /* Build configuration list for PBXNativeTarget "temp" */ = {
			isa = XCConfigurationList;
			buildConfigurations = (
				3148C9D228314E74005A7E93 /* Debug */,
				3148C9D328314E74005A7E93 /* Release */,
			);
			defaultConfigurationIsVisible = 0;
			defaultConfigurationName = Release;
		};
/* End XCConfigurationList section */

/* Begin XCRemoteSwiftPackageReference section */
		3148C9D428315235005A7E93 /* XCRemoteSwiftPackageReference "mqtt-nio" */ = {
			isa = XCRemoteSwiftPackageReference;
			repositoryURL = "file:///Users/lemonhall/Desktop/mqtt-nio";
			requirement = {
				branch = master;
				kind = branch;
			};
		};
/* End XCRemoteSwiftPackageReference section */

/* Begin XCSwiftPackageProductDependency section */
		3148C9D528315235005A7E93 /* MQTTNIO */ = {
			isa = XCSwiftPackageProductDependency;
			package = 3148C9D428315235005A7E93 /* XCRemoteSwiftPackageReference "mqtt-nio" */;
			productName = MQTTNIO;
		};
/* End XCSwiftPackageProductDependency section */
	};
	rootObject = 3148C9B528314E73005A7E93 /* Project object */;
}
